
Microsoft Visual Studio Solution File, Format Version 12.00
# Visual Studio Version 17
VisualStudioVersion = 17.13.35931.197 d17.13
MinimumVisualStudioVersion = 10.0.40219.1
Project("{2150E333-8FDC-42A3-9474-1A3956D46DE8}") = "src", "src", "{02EA681E-C7D8-13C7-8484-4AC65E1B71E8}"
EndProject
Project("{2150E333-8FDC-42A3-9474-1A3956D46DE8}") = "API", "API", "{8E35A56F-2C39-4D35-8EFA-B2677AFAD339}"
EndProject
Project("{2150E333-8FDC-42A3-9474-1A3956D46DE8}") = "Core", "Core", "{64F76164-73CB-4965-9D9D-E4EEA32030D5}"
EndProject
Project("{2150E333-8FDC-42A3-9474-1A3956D46DE8}") = "Infrastructure", "Infrastructure", "{8BA06B61-B208-46A9-99E1-91B5E890B915}"
EndProject
Project("{FAE04EC0-301F-11D3-BF4B-00C04F79EFBC}") = "POS.API", "POS.API\POS.API.csproj", "{FAFB4579-1150-4535-B8F8-BF0A71D9DD5F}"
EndProject
Project("{FAE04EC0-301F-11D3-BF4B-00C04F79EFBC}") = "POS.Application", "POS.Application\POS.Application.csproj", "{C7C0CF4A-AF56-4973-BCB1-808A0B8ACA71}"
EndProject
Project("{FAE04EC0-301F-11D3-BF4B-00C04F79EFBC}") = "POS.Domain", "POS.Domain\POS.Domain.csproj", "{214A7364-7325-48B3-BAE1-DD48703E67B3}"
EndProject
Project("{FAE04EC0-301F-11D3-BF4B-00C04F79EFBC}") = "POS.Persistence", "POS.Persistence\POS.Persistence.csproj", "{7818E40A-DDF2-4BC2-AFE2-04A36705C386}"
EndProject
Project("{FAE04EC0-301F-11D3-BF4B-00C04F79EFBC}") = "POS.Infrastructure", "POS.Infrastructure\POS.Infrastructure.csproj", "{83BAD5CD-F4FE-4081-B127-50AD9DA36830}"
EndProject
Global
	GlobalSection(SolutionConfigurationPlatforms) = preSolution
		Debug|Any CPU = Debug|Any CPU
		Release|Any CPU = Release|Any CPU
	EndGlobalSection
	GlobalSection(ProjectConfigurationPlatforms) = postSolution
		{FAFB4579-1150-4535-B8F8-BF0A71D9DD5F}.Debug|Any CPU.ActiveCfg = Debug|Any CPU
		{FAFB4579-1150-4535-B8F8-BF0A71D9DD5F}.Debug|Any CPU.Build.0 = Debug|Any CPU
		{FAFB4579-1150-4535-B8F8-BF0A71D9DD5F}.Release|Any CPU.ActiveCfg = Release|Any CPU
		{FAFB4579-1150-4535-B8F8-BF0A71D9DD5F}.Release|Any CPU.Build.0 = Release|Any CPU
		{C7C0CF4A-AF56-4973-BCB1-808A0B8ACA71}.Debug|Any CPU.ActiveCfg = Debug|Any CPU
		{C7C0CF4A-AF56-4973-BCB1-808A0B8ACA71}.Debug|Any CPU.Build.0 = Debug|Any CPU
		{C7C0CF4A-AF56-4973-BCB1-808A0B8ACA71}.Release|Any CPU.ActiveCfg = Release|Any CPU
		{C7C0CF4A-AF56-4973-BCB1-808A0B8ACA71}.Release|Any CPU.Build.0 = Release|Any CPU
		{214A7364-7325-48B3-BAE1-DD48703E67B3}.Debug|Any CPU.ActiveCfg = Debug|Any CPU
		{214A7364-7325-48B3-BAE1-DD48703E67B3}.Debug|Any CPU.Build.0 = Debug|Any CPU
		{214A7364-7325-48B3-BAE1-DD48703E67B3}.Release|Any CPU.ActiveCfg = Release|Any CPU
		{214A7364-7325-48B3-BAE1-DD48703E67B3}.Release|Any CPU.Build.0 = Release|Any CPU
		{7818E40A-DDF2-4BC2-AFE2-04A36705C386}.Debug|Any CPU.ActiveCfg = Debug|Any CPU
		{7818E40A-DDF2-4BC2-AFE2-04A36705C386}.Debug|Any CPU.Build.0 = Debug|Any CPU
		{7818E40A-DDF2-4BC2-AFE2-04A36705C386}.Release|Any CPU.ActiveCfg = Release|Any CPU
		{7818E40A-DDF2-4BC2-AFE2-04A36705C386}.Release|Any CPU.Build.0 = Release|Any CPU
		{83BAD5CD-F4FE-4081-B127-50AD9DA36830}.Debug|Any CPU.ActiveCfg = Debug|Any CPU
		{83BAD5CD-F4FE-4081-B127-50AD9DA36830}.Debug|Any CPU.Build.0 = Debug|Any CPU
		{83BAD5CD-F4FE-4081-B127-50AD9DA36830}.Release|Any CPU.ActiveCfg = Release|Any CPU
		{83BAD5CD-F4FE-4081-B127-50AD9DA36830}.Release|Any CPU.Build.0 = Release|Any CPU
	EndGlobalSection
	GlobalSection(SolutionProperties) = preSolution
		HideSolutionNode = FALSE
	EndGlobalSection
	GlobalSection(NestedProjects) = preSolution
		{8E35A56F-2C39-4D35-8EFA-B2677AFAD339} = {02EA681E-C7D8-13C7-8484-4AC65E1B71E8}
		{64F76164-73CB-4965-9D9D-E4EEA32030D5} = {02EA681E-C7D8-13C7-8484-4AC65E1B71E8}
		{8BA06B61-B208-46A9-99E1-91B5E890B915} = {02EA681E-C7D8-13C7-8484-4AC65E1B71E8}
		{FAFB4579-1150-4535-B8F8-BF0A71D9DD5F} = {8E35A56F-2C39-4D35-8EFA-B2677AFAD339}
		{C7C0CF4A-AF56-4973-BCB1-808A0B8ACA71} = {64F76164-73CB-4965-9D9D-E4EEA32030D5}
		{214A7364-7325-48B3-BAE1-DD48703E67B3} = {64F76164-73CB-4965-9D9D-E4EEA32030D5}
		{7818E40A-DDF2-4BC2-AFE2-04A36705C386} = {8BA06B61-B208-46A9-99E1-91B5E890B915}
		{83BAD5CD-F4FE-4081-B127-50AD9DA36830} = {8BA06B61-B208-46A9-99E1-91B5E890B915}
	EndGlobalSection
	GlobalSection(ExtensibilityGlobals) = postSolution
		SolutionGuid = {5DBA5397-F576-4DA2-B2B8-EF1D802E8900}
	EndGlobalSection
EndGlobal
